
Microsoft Visual Studio Solution File, Format Version 12.00
# Visual Studio Version 16
VisualStudioVersion = 16.0.810.17
MinimumVisualStudioVersion = 10.0.40219.1
Project("{FAE04EC0-301F-11D3-BF4B-00C04F79EFBC}") = "SurvivorUI", "SurvivorUI\SurvivorUI.csproj", "{F154F286-03A2-4989-B869-144F3462E995}"
EndProject
Global
	GlobalSection(SolutionConfigurationPlatforms) = preSolution
		Debug|Any CPU = Debug|Any CPU
		Release|Any CPU = Release|Any CPU
	EndGlobalSection
	GlobalSection(ProjectConfigurationPlatforms) = postSolution
		{F154F286-03A2-4989-B869-144F3462E995}.Debug|Any CPU.ActiveCfg = Debug|Any CPU
		{F154F286-03A2-4989-B869-144F3462E995}.Debug|Any CPU.Build.0 = Debug|Any CPU
		{F154F286-03A2-4989-B869-144F3462E995}.Release|Any CPU.ActiveCfg = Release|Any CPU
		{F154F286-03A2-4989-B869-144F3462E995}.Release|Any CPU.Build.0 = Release|Any CPU
	EndGlobalSection
	GlobalSection(SolutionProperties) = preSolution
		HideSolutionNode = FALSE
	EndGlobalSection
	GlobalSection(ExtensibilityGlobals) = postSolution
		SolutionGuid = {340F7BEF-DAAB-4EFD-8877-C10DE30EDCB8}
	EndGlobalSection
EndGlobal
