
Microsoft Visual Studio Solution File, Format Version 12.00
Project("{FAE04EC0-301F-11D3-BF4B-00C04F79EFBC}") = "Survivor", "Survivor\Survivor.csproj", "{DFB938D7-51E8-4CAC-AB6B-9648617233C0}"
EndProject
Global
	GlobalSection(SolutionConfigurationPlatforms) = preSolution
		Debug|Any CPU = Debug|Any CPU
		Release|Any CPU = Release|Any CPU
	EndGlobalSection
	GlobalSection(ProjectConfigurationPlatforms) = postSolution
		{DFB938D7-51E8-4CAC-AB6B-9648617233C0}.Debug|Any CPU.ActiveCfg = Debug|Any CPU
		{DFB938D7-51E8-4CAC-AB6B-9648617233C0}.Debug|Any CPU.Build.0 = Debug|Any CPU
		{DFB938D7-51E8-4CAC-AB6B-9648617233C0}.Release|Any CPU.ActiveCfg = Release|Any CPU
		{DFB938D7-51E8-4CAC-AB6B-9648617233C0}.Release|Any CPU.Build.0 = Release|Any CPU
	EndGlobalSection
EndGlobal
